
Microsoft Visual Studio Solution File, Format Version 12.00
# Visual Studio 15
Project("{FAE04EC0-301F-11D3-BF4B-00C04F79EFBC}") = "ToDoService", "ToDoService\ToDoService.csproj", "{4246CDA9-04F6-4245-8D5F-88D549B4A967}"
EndProject
Global
	GlobalSection(SolutionConfigurationPlatforms) = preSolution
		Debug|Any CPU = Debug|Any CPU
		Release|Any CPU = Release|Any CPU
	EndGlobalSection
	GlobalSection(ProjectConfigurationPlatforms) = postSolution
		{4246CDA9-04F6-4245-8D5F-88D549B4A967}.Debug|Any CPU.ActiveCfg = Debug|Any CPU
		{4246CDA9-04F6-4245-8D5F-88D549B4A967}.Debug|Any CPU.Build.0 = Debug|Any CPU
		{4246CDA9-04F6-4245-8D5F-88D549B4A967}.Release|Any CPU.ActiveCfg = Release|Any CPU
		{4246CDA9-04F6-4245-8D5F-88D549B4A967}.Release|Any CPU.Build.0 = Release|Any CPU
	EndGlobalSection
EndGlobal
